
Microsoft Visual Studio Solution File, Format Version 12.00
# Visual Studio Version 17
VisualStudioVersion = 17.5.33414.496
MinimumVisualStudioVersion = 10.0.40219.1
Project("{FAE04EC0-301F-11D3-BF4B-00C04F79EFBC}") = "HowToRandomNumberPage", "HowToRandomNumberPage\HowToRandomNumberPage.csproj", "{FF7BE84D-C59E-4A3D-8061-99795940A60B}"
EndProject
Global
	GlobalSection(SolutionConfigurationPlatforms) = preSolution
		Debug|Any CPU = Debug|Any CPU
		Release|Any CPU = Release|Any CPU
	EndGlobalSection
	GlobalSection(ProjectConfigurationPlatforms) = postSolution
		{FF7BE84D-C59E-4A3D-8061-99795940A60B}.Debug|Any CPU.ActiveCfg = Debug|Any CPU
		{FF7BE84D-C59E-4A3D-8061-99795940A60B}.Debug|Any CPU.Build.0 = Debug|Any CPU
		{FF7BE84D-C59E-4A3D-8061-99795940A60B}.Release|Any CPU.ActiveCfg = Release|Any CPU
		{FF7BE84D-C59E-4A3D-8061-99795940A60B}.Release|Any CPU.Build.0 = Release|Any CPU
	EndGlobalSection
	GlobalSection(SolutionProperties) = preSolution
		HideSolutionNode = FALSE
	EndGlobalSection
	GlobalSection(ExtensibilityGlobals) = postSolution
		SolutionGuid = {8715D971-23FC-40AC-9637-4854BA68A229}
	EndGlobalSection
EndGlobal
